github.com/JohnCGriffin/overflow v0.0.0-20170615021017-4d914c927216 h1:2ZboyJ8vl75fGesnG9NpMTD2DyQI3FzMXy4x752rGF0=
github.com/JohnCGriffin/overflow v0.0.0-20170615021017-4d914c927216/go.mod h1:X0CRv0ky0k6m906ixxpzmDRLvX58TFUKS2eePweuyxk=
github.com/gorilla/mux v1.8.0 h1:i40aqfkR1h2SlN9hojwV5ZA91wcXFOvkdNIeFDP5koI=
github.com/gorilla/mux v1.8.0/go.mod h1:DVbg23sWSpFRCP0SfiEN6jmj59UnW/n46BH5rLB71So=
